FORGE
  remote: http://forge.puppetlabs.com
  specs:
    puppetlabs/apt (1.5.2)
      puppetlabs/stdlib (>= 2.2.1)
    puppetlabs/ntp (3.1.2)
      puppetlabs/stdlib (>= 4.0.0)
    puppetlabs/stdlib (4.3.2)
    puppetlabs/vcsrepo (1.1.0)
    saz/locales (2.1.0)

GIT
  remote: https://github.com/bdossantos/puppet-module-ramdisk
  ref: master
  sha: e2e08e231cce1fda060dd9173e0f96ea703eaf2a
  specs:
    bdossantos/ramdisk (0.0.1)

DEPENDENCIES
  bdossantos/ramdisk (>= 0)
  puppetlabs/apt (>= 0)
  puppetlabs/ntp (>= 0)
  puppetlabs/vcsrepo (>= 0)
  saz/locales (>= 0)

